// !$*UTF8*$!
{
	archiveVersion = 1;
	classes = {
	};
	objectVersion = 46;
	objects = {

/* Begin PBXBuildFile section */
		9B831C6B1925B4D2008E2A41 /* Foundation.framework in Frameworks */ = {isa = PBXBuildFile; fileRef = 9B831C6A1925B4D2008E2A41 /* Foundation.framework */; };
		9B831C6D1925B4D2008E2A41 /* CoreGraphics.framework in Frameworks */ = {isa = PBXBuildFile; fileRef = 9B831C6C1925B4D2008E2A41 /* CoreGraphics.framework */; };
		9B831C6F1925B4D2008E2A41 /* UIKit.framework in Frameworks */ = {isa = PBXBuildFile; fileRef = 9B831C6E1925B4D2008E2A41 /* UIKit.framework */; };
		9B831C751925B4D2008E2A41 /* InfoPlist.strings in Resources */ = {isa = PBXBuildFile; fileRef = 9B831C731925B4D2008E2A41 /* InfoPlist.strings */; };
		9B831C771925B4D2008E2A41 /* main.m in Sources */ = {isa = PBXBuildFile; fileRef = 9B831C761925B4D2008E2A41 /* main.m */; };
		9B831C7B1925B4D2008E2A41 /* AppDelegate.m in Sources */ = {isa = PBXBuildFile; fileRef = 9B831C7A1925B4D2008E2A41 /* AppDelegate.m */; };
		9B831C7E1925B4D2008E2A41 /* Main.storyboard in Resources */ = {isa = PBXBuildFile; fileRef = 9B831C7C1925B4D2008E2A41 /* Main.storyboard */; };
		9B831C811925B4D2008E2A41 /* ViewController.m in Sources */ = {isa = PBXBuildFile; fileRef = 9B831C801925B4D2008E2A41 /* ViewController.m */; };
		9B831C831925B4D2008E2A41 /* Images.xcassets in Resources */ = {isa = PBXBuildFile; fileRef = 9B831C821925B4D2008E2A41 /* Images.xcassets */; };
		9B831C8A1925B4D2008E2A41 /* XCTest.framework in Frameworks */ = {isa = PBXBuildFile; fileRef = 9B831C891925B4D2008E2A41 /* XCTest.framework */; };
		9B831C8B1925B4D2008E2A41 /* Foundation.framework in Frameworks */ = {isa = PBXBuildFile; fileRef = 9B831C6A1925B4D2008E2A41 /* Foundation.framework */; };
		9B831C8C1925B4D2008E2A41 /* UIKit.framework in Frameworks */ = {isa = PBXBuildFile; fileRef = 9B831C6E1925B4D2008E2A41 /* UIKit.framework */; };
		9B831C941925B4D2008E2A41 /* InfoPlist.strings in Resources */ = {isa = PBXBuildFile; fileRef = 9B831C921925B4D2008E2A41 /* InfoPlist.strings */; };
		9B831C961925B4D2008E2A41 /* BMICalculatorTests.m in Sources */ = {isa = PBXBuildFile; fileRef = 9B831C951925B4D2008E2A41 /* BMICalculatorTests.m */; };
		9B831CA11925B87B008E2A41 /* ResultsViewController.m in Sources */ = {isa = PBXBuildFile; fileRef = 9B831CA01925B87B008E2A41 /* ResultsViewController.m */; };
/* End PBXBuildFile section */

/* Begin PBXContainerItemProxy section */
		9B831C8D1925B4D2008E2A41 /* PBXContainerItemProxy */ = {
			isa = PBXContainerItemProxy;
			containerPortal = 9B831C5F1925B4D2008E2A41 /* Project object */;
			proxyType = 1;
			remoteGlobalIDString = 9B831C661925B4D2008E2A41;
			remoteInfo = BMICalculator;
		};
/* End PBXContainerItemProxy section */

/* Begin PBXFileReference section */
		9B831C671925B4D2008E2A41 /* BMICalculator.app */ = {isa = PBXFileReference; explicitFileType = wrapper.application; includeInIndex = 0; path = BMICalculator.app; sourceTree = BUILT_PRODUCTS_DIR; };
		9B831C6A1925B4D2008E2A41 /* Foundation.framework */ = {isa = PBXFileReference; lastKnownFileType = wrapper.framework; name = Foundation.framework; path = System/Library/Frameworks/Foundation.framework; sourceTree = SDKROOT; };
		9B831C6C1925B4D2008E2A41 /* CoreGraphics.framework */ = {isa = PBXFileReference; lastKnownFileType = wrapper.framework; name = CoreGraphics.framework; path = System/Library/Frameworks/CoreGraphics.framework; sourceTree = SDKROOT; };
		9B831C6E1925B4D2008E2A41 /* UIKit.framework */ = {isa = PBXFileReference; lastKnownFileType = wrapper.framework; name = UIKit.framework; path = System/Library/Frameworks/UIKit.framework; sourceTree = SDKROOT; };
		9B831C721925B4D2008E2A41 /* BMICalculator-Info.plist */ = {isa = PBXFileReference; lastKnownFileType = text.plist.xml; path = "BMICalculator-Info.plist"; sourceTree = "<group>"; };
		9B831C741925B4D2008E2A41 /* en */ = {isa = PBXFileReference; lastKnownFileType = text.plist.strings; name = en; path = en.lproj/InfoPlist.strings; sourceTree = "<group>"; };
		9B831C761925B4D2008E2A41 /* main.m */ = {isa = PBXFileReference; lastKnownFileType = sourcecode.c.objc; path = main.m; sourceTree = "<group>"; };
		9B831C781925B4D2008E2A41 /* BMICalculator-Prefix.pch */ = {isa = PBXFileReference; lastKnownFileType = sourcecode.c.h; path = "BMICalculator-Prefix.pch"; sourceTree = "<group>"; };
		9B831C791925B4D2008E2A41 /* AppDelegate.h */ = {isa = PBXFileReference; lastKnownFileType = sourcecode.c.h; path = AppDelegate.h; sourceTree = "<group>"; };
		9B831C7A1925B4D2008E2A41 /* AppDelegate.m */ = {isa = PBXFileReference; lastKnownFileType = sourcecode.c.objc; path = AppDelegate.m; sourceTree = "<group>"; };
		9B831C7D1925B4D2008E2A41 /* Base */ = {isa = PBXFileReference; lastKnownFileType = file.storyboard; name = Base; path = Base.lproj/Main.storyboard; sourceTree = "<group>"; };
		9B831C7F1925B4D2008E2A41 /* ViewController.h */ = {isa = PBXFileReference; lastKnownFileType = sourcecode.c.h; path = ViewController.h; sourceTree = "<group>"; };
		9B831C801925B4D2008E2A41 /* ViewController.m */ = {isa = PBXFileReference; lastKnownFileType = sourcecode.c.objc; path = ViewController.m; sourceTree = "<group>"; };
		9B831C821925B4D2008E2A41 /* Images.xcassets */ = {isa = PBXFileReference; lastKnownFileType = folder.assetcatalog; path = Images.xcassets; sourceTree = "<group>"; };
		9B831C881925B4D2008E2A41 /* BMICalculatorTests.xctest */ = {isa = PBXFileReference; explicitFileType = wrapper.cfbundle; includeInIndex = 0; path = BMICalculatorTests.xctest; sourceTree = BUILT_PRODUCTS_DIR; };
		9B831C891925B4D2008E2A41 /* XCTest.framework */ = {isa = PBXFileReference; lastKnownFileType = wrapper.framework; name = XCTest.framework; path = Library/Frameworks/XCTest.framework; sourceTree = DEVELOPER_DIR; };
		9B831C911925B4D2008E2A41 /* BMICalculatorTests-Info.plist */ = {isa = PBXFileReference; lastKnownFileType = text.plist.xml; path = "BMICalculatorTests-Info.plist"; sourceTree = "<group>"; };
		9B831C931925B4D2008E2A41 /* en */ = {isa = PBXFileReference; lastKnownFileType = text.plist.strings; name = en; path = en.lproj/InfoPlist.strings; sourceTree = "<group>"; };
		9B831C951925B4D2008E2A41 /* BMICalculatorTests.m */ = {isa = PBXFileReference; lastKnownFileType = sourcecode.c.objc; path = BMICalculatorTests.m; sourceTree = "<group>"; };
		9B831C9F1925B87B008E2A41 /* ResultsViewController.h */ = {isa = PBXFileReference; fileEncoding = 4; lastKnownFileType = sourcecode.c.h; path = ResultsViewController.h; sourceTree = "<group>"; };
		9B831CA01925B87B008E2A41 /* ResultsViewController.m */ = {isa = PBXFileReference; fileEncoding = 4; lastKnownFileType = sourcecode.c.objc; path = ResultsViewController.m; sourceTree = "<group>"; };
/* End PBXFileReference section */

/* Begin PBXFrameworksBuildPhase section */
		9B831C641925B4D2008E2A41 /* Frameworks */ = {
			isa = PBXFrameworksBuildPhase;
			buildActionMask = 2147483647;
			files = (
				9B831C6D1925B4D2008E2A41 /* CoreGraphics.framework in Frameworks */,
				9B831C6F1925B4D2008E2A41 /* UIKit.framework in Frameworks */,
				9B831C6B1925B4D2008E2A41 /* Foundation.framework in Frameworks */,
			);
			runOnlyForDeploymentPostprocessing = 0;
		};
		9B831C851925B4D2008E2A41 /* Frameworks */ = {
			isa = PBXFrameworksBuildPhase;
			buildActionMask = 2147483647;
			files = (
				9B831C8A1925B4D2008E2A41 /* XCTest.framework in Frameworks */,
				9B831C8C1925B4D2008E2A41 /* UIKit.framework in Frameworks */,
				9B831C8B1925B4D2008E2A41 /* Foundation.framework in Frameworks */,
			);
			runOnlyForDeploymentPostprocessing = 0;
		};
/* End PBXFrameworksBuildPhase section */

/* Begin PBXGroup section */
		9B831C5E1925B4D2008E2A41 = {
			isa = PBXGroup;
			children = (
				9B831C701925B4D2008E2A41 /* BMICalculator */,
				9B831C8F1925B4D2008E2A41 /* BMICalculatorTests */,
				9B831C691925B4D2008E2A41 /* Frameworks */,
				9B831C681925B4D2008E2A41 /* Products */,
			);
			sourceTree = "<group>";
		};
		9B831C681925B4D2008E2A41 /* Products */ = {
			isa = PBXGroup;
			children = (
				9B831C671925B4D2008E2A41 /* BMICalculator.app */,
				9B831C881925B4D2008E2A41 /* BMICalculatorTests.xctest */,
			);
			name = Products;
			sourceTree = "<group>";
		};
		9B831C691925B4D2008E2A41 /* Frameworks */ = {
			isa = PBXGroup;
			children = (
				9B831C6A1925B4D2008E2A41 /* Foundation.framework */,
				9B831C6C1925B4D2008E2A41 /* CoreGraphics.framework */,
				9B831C6E1925B4D2008E2A41 /* UIKit.framework */,
				9B831C891925B4D2008E2A41 /* XCTest.framework */,
			);
			name = Frameworks;
			sourceTree = "<group>";
		};
		9B831C701925B4D2008E2A41 /* BMICalculator */ = {
			isa = PBXGroup;
			children = (
				9B831C791925B4D2008E2A41 /* AppDelegate.h */,
				9B831C7A1925B4D2008E2A41 /* AppDelegate.m */,
				9B831C7C1925B4D2008E2A41 /* Main.storyboard */,
				9B831C9F1925B87B008E2A41 /* ResultsViewController.h */,
				9B831CA01925B87B008E2A41 /* ResultsViewController.m */,
				9B831C7F1925B4D2008E2A41 /* ViewController.h */,
				9B831C801925B4D2008E2A41 /* ViewController.m */,
				9B831C821925B4D2008E2A41 /* Images.xcassets */,
				9B831C711925B4D2008E2A41 /* Supporting Files */,
			);
			path = BMICalculator;
			sourceTree = "<group>";
		};
		9B831C711925B4D2008E2A41 /* Supporting Files */ = {
			isa = PBXGroup;
			children = (
				9B831C721925B4D2008E2A41 /* BMICalculator-Info.plist */,
				9B831C731925B4D2008E2A41 /* InfoPlist.strings */,
				9B831C761925B4D2008E2A41 /* main.m */,
				9B831C781925B4D2008E2A41 /* BMICalculator-Prefix.pch */,
			);
			name = "Supporting Files";
			sourceTree = "<group>";
		};
		9B831C8F1925B4D2008E2A41 /* BMICalculatorTests */ = {
			isa = PBXGroup;
			children = (
				9B831C951925B4D2008E2A41 /* BMICalculatorTests.m */,
				9B831C901925B4D2008E2A41 /* Supporting Files */,
			);
			path = BMICalculatorTests;
			sourceTree = "<group>";
		};
		9B831C901925B4D2008E2A41 /* Supporting Files */ = {
			isa = PBXGroup;
			children = (
				9B831C911925B4D2008E2A41 /* BMICalculatorTests-Info.plist */,
				9B831C921925B4D2008E2A41 /* InfoPlist.strings */,
			);
			name = "Supporting Files";
			sourceTree = "<group>";
		};
/* End PBXGroup section */

/* Begin PBXNativeTarget section */
		9B831C661925B4D2008E2A41 /* BMICalculator */ = {
			isa = PBXNativeTarget;
			buildConfigurationList = 9B831C991925B4D2008E2A41 /* Build configuration list for PBXNativeTarget "BMICalculator" */;
			buildPhases = (
				9B831C631925B4D2008E2A41 /* Sources */,
				9B831C641925B4D2008E2A41 /* Frameworks */,
				9B831C651925B4D2008E2A41 /* Resources */,
			);
			buildRules = (
			);
			dependencies = (
			);
			name = BMICalculator;
			productName = BMICalculator;
			productReference = 9B831C671925B4D2008E2A41 /* BMICalculator.app */;
			productType = "com.apple.product-type.application";
		};
		9B831C871925B4D2008E2A41 /* BMICalculatorTests */ = {
			isa = PBXNativeTarget;
			buildConfigurationList = 9B831C9C1925B4D2008E2A41 /* Build configuration list for PBXNativeTarget "BMICalculatorTests" */;
			buildPhases = (
				9B831C841925B4D2008E2A41 /* Sources */,
				9B831C851925B4D2008E2A41 /* Frameworks */,
				9B831C861925B4D2008E2A41 /* Resources */,
			);
			buildRules = (
			);
			dependencies = (
				9B831C8E1925B4D2008E2A41 /* PBXTargetDependency */,
			);
			name = BMICalculatorTests;
			productName = BMICalculatorTests;
			productReference = 9B831C881925B4D2008E2A41 /* BMICalculatorTests.xctest */;
			productType = "com.apple.product-type.bundle.unit-test";
		};
/* End PBXNativeTarget section */

/* Begin PBXProject section */
		9B831C5F1925B4D2008E2A41 /* Project object */ = {
			isa = PBXProject;
			attributes = {
				LastUpgradeCheck = 0510;
				ORGANIZATIONNAME = "ABC Adult School";
				TargetAttributes = {
					9B831C871925B4D2008E2A41 = {
						TestTargetID = 9B831C661925B4D2008E2A41;
					};
				};
			};
			buildConfigurationList = 9B831C621925B4D2008E2A41 /* Build configuration list for PBXProject "BMICalculator" */;
			compatibilityVersion = "Xcode 3.2";
			developmentRegion = English;
			hasScannedForEncodings = 0;
			knownRegions = (
				en,
				Base,
			);
			mainGroup = 9B831C5E1925B4D2008E2A41;
			productRefGroup = 9B831C681925B4D2008E2A41 /* Products */;
			projectDirPath = "";
			projectRoot = "";
			targets = (
				9B831C661925B4D2008E2A41 /* BMICalculator */,
				9B831C871925B4D2008E2A41 /* BMICalculatorTests */,
			);
		};
/* End PBXProject section */

/* Begin PBXResourcesBuildPhase section */
		9B831C651925B4D2008E2A41 /* Resources */ = {
			isa = PBXResourcesBuildPhase;
			buildActionMask = 2147483647;
			files = (
				9B831C831925B4D2008E2A41 /* Images.xcassets in Resources */,
				9B831C751925B4D2008E2A41 /* InfoPlist.strings in Resources */,
				9B831C7E1925B4D2008E2A41 /* Main.storyboard in Resources */,
			);
			runOnlyForDeploymentPostprocessing = 0;
		};
		9B831C861925B4D2008E2A41 /* Resources */ = {
			isa = PBXResourcesBuildPhase;
			buildActionMask = 2147483647;
			files = (
				9B831C941925B4D2008E2A41 /* InfoPlist.strings in Resources */,
			);
			runOnlyForDeploymentPostprocessing = 0;
		};
/* End PBXResourcesBuildPhase section */

/* Begin PBXSourcesBuildPhase section */
		9B831C631925B4D2008E2A41 /* Sources */ = {
			isa = PBXSourcesBuildPhase;
			buildActionMask = 2147483647;
			files = (
				9B831C811925B4D2008E2A41 /* ViewController.m in Sources */,
				9B831C7B1925B4D2008E2A41 /* AppDelegate.m in Sources */,
				9B831C771925B4D2008E2A41 /* main.m in Sources */,
				9B831CA11925B87B008E2A41 /* ResultsViewController.m in Sources */,
			);
			runOnlyForDeploymentPostprocessing = 0;
		};
		9B831C841925B4D2008E2A41 /* Sources */ = {
			isa = PBXSourcesBuildPhase;
			buildActionMask = 2147483647;
			files = (
				9B831C961925B4D2008E2A41 /* BMICalculatorTests.m in Sources */,
			);
			runOnlyForDeploymentPostprocessing = 0;
		};
/* End PBXSourcesBuildPhase section */

/* Begin PBXTargetDependency section */
		9B831C8E1925B4D2008E2A41 /* PBXTargetDependency */ = {
			isa = PBXTargetDependency;
			target = 9B831C661925B4D2008E2A41 /* BMICalculator */;
			targetProxy = 9B831C8D1925B4D2008E2A41 /* PBXContainerItemProxy */;
		};
/* End PBXTargetDependency section */

/* Begin PBXVariantGroup section */
		9B831C731925B4D2008E2A41 /* InfoPlist.strings */ = {
			isa = PBXVariantGroup;
			children = (
				9B831C741925B4D2008E2A41 /* en */,
			);
			name = InfoPlist.strings;
			sourceTree = "<group>";
		};
		9B831C7C1925B4D2008E2A41 /* Main.storyboard */ = {
			isa = PBXVariantGroup;
			children = (
				9B831C7D1925B4D2008E2A41 /* Base */,
			);
			name = Main.storyboard;
			sourceTree = "<group>";
		};
		9B831C921925B4D2008E2A41 /* InfoPlist.strings */ = {
			isa = PBXVariantGroup;
			children = (
				9B831C931925B4D2008E2A41 /* en */,
			);
			name = InfoPlist.strings;
			sourceTree = "<group>";
		};
/* End PBXVariantGroup section */

/* Begin XCBuildConfiguration section */
		9B831C971925B4D2008E2A41 /* Debug */ = {
			isa = XCBuildConfiguration;
			buildSettings = {
				ALWAYS_SEARCH_USER_PATHS = NO;
				CLANG_CXX_LANGUAGE_STANDARD = "gnu++0x";
				CLANG_CXX_LIBRARY = "libc++";
				CLANG_ENABLE_MODULES = YES;
				CLANG_ENABLE_OBJC_ARC = YES;
				CLANG_WARN_BOOL_CONVERSION = YES;
				CLANG_WARN_CONSTANT_CONVERSION = YES;
				CLANG_WARN_DIRECT_OBJC_ISA_USAGE = YES_ERROR;
				CLANG_WARN_EMPTY_BODY = YES;
				CLANG_WARN_ENUM_CONVERSION = YES;
				CLANG_WARN_INT_CONVERSION = YES;
				CLANG_WARN_OBJC_ROOT_CLASS = YES_ERROR;
				CLANG_WARN__DUPLICATE_METHOD_MATCH = YES;
				"CODE_SIGN_IDENTITY[sdk=iphoneos*]" = "iPhone Developer";
				COPY_PHASE_STRIP = NO;
				GCC_C_LANGUAGE_STANDARD = gnu99;
				GCC_DYNAMIC_NO_PIC = NO;
				GCC_OPTIMIZATION_LEVEL = 0;
				GCC_PREPROCESSOR_DEFINITIONS = (
					"DEBUG=1",
					"$(inherited)",
				);
				GCC_SYMBOLS_PRIVATE_EXTERN = NO;
				GCC_WARN_64_TO_32_BIT_CONVERSION = YES;
				GCC_WARN_ABOUT_RETURN_TYPE = YES_ERROR;
				GCC_WARN_UNDECLARED_SELECTOR = YES;
				GCC_WARN_UNINITIALIZED_AUTOS = YES_AGGRESSIVE;
				GCC_WARN_UNUSED_FUNCTION = YES;
				GCC_WARN_UNUSED_VARIABLE = YES;
				IPHONEOS_DEPLOYMENT_TARGET = 7.1;
				ONLY_ACTIVE_ARCH = YES;
				SDKROOT = iphoneos;
			};
			name = Debug;
		};
		9B831C981925B4D2008E2A41 /* Release */ = {
			isa = XCBuildConfiguration;
			buildSettings = {
				ALWAYS_SEARCH_USER_PATHS = NO;
				CLANG_CXX_LANGUAGE_STANDARD = "gnu++0x";
				CLANG_CXX_LIBRARY = "libc++";
				CLANG_ENABLE_MODULES = YES;
				CLANG_ENABLE_OBJC_ARC = YES;
				CLANG_WARN_BOOL_CONVERSION = YES;
				CLANG_WARN_CONSTANT_CONVERSION = YES;
				CLANG_WARN_DIRECT_OBJC_ISA_USAGE = YES_ERROR;
				CLANG_WARN_EMPTY_BODY = YES;
				CLANG_WARN_ENUM_CONVERSION = YES;
				CLANG_WARN_INT_CONVERSION = YES;
				CLANG_WARN_OBJC_ROOT_CLASS = YES_ERROR;
				CLANG_WARN__DUPLICATE_METHOD_MATCH = YES;
				"CODE_SIGN_IDENTITY[sdk=iphoneos*]" = "iPhone Developer";
				COPY_PHASE_STRIP = YES;
				ENABLE_NS_ASSERTIONS = NO;
				GCC_C_LANGUAGE_STANDARD = gnu99;
				GCC_WARN_64_TO_32_BIT_CONVERSION = YES;
				GCC_WARN_ABOUT_RETURN_TYPE = YES_ERROR;
				GCC_WARN_UNDECLARED_SELECTOR = YES;
				GCC_WARN_UNINITIALIZED_AUTOS = YES_AGGRESSIVE;
				GCC_WARN_UNUSED_FUNCTION = YES;
				GCC_WARN_UNUSED_VARIABLE = YES;
				IPHONEOS_DEPLOYMENT_TARGET = 7.1;
				SDKROOT = iphoneos;
				VALIDATE_PRODUCT = YES;
			};
			name = Release;
		};
		9B831C9A1925B4D2008E2A41 /* Debug */ = {
			isa = XCBuildConfiguration;
			buildSettings = {
				ASSETCATALOG_COMPILER_APPICON_NAME = AppIcon;
				ASSETCATALOG_COMPILER_LAUNCHIMAGE_NAME = LaunchImage;
				GCC_PRECOMPILE_PREFIX_HEADER = YES;
				GCC_PREFIX_HEADER = "BMICalculator/BMICalculator-Prefix.pch";
				INFOPLIST_FILE = "BMICalculator/BMICalculator-Info.plist";
				PRODUCT_NAME = "$(TARGET_NAME)";
				WRAPPER_EXTENSION = app;
			};
			name = Debug;
		};
		9B831C9B1925B4D2008E2A41 /* Release */ = {
			isa = XCBuildConfiguration;
			buildSettings = {
				ASSETCATALOG_COMPILER_APPICON_NAME = AppIcon;
				ASSETCATALOG_COMPILER_LAUNCHIMAGE_NAME = LaunchImage;
				GCC_PRECOMPILE_PREFIX_HEADER = YES;
				GCC_PREFIX_HEADER = "BMICalculator/BMICalculator-Prefix.pch";
				INFOPLIST_FILE = "BMICalculator/BMICalculator-Info.plist";
				PRODUCT_NAME = "$(TARGET_NAME)";
				WRAPPER_EXTENSION = app;
			};
			name = Release;
		};
		9B831C9D1925B4D2008E2A41 /* Debug */ = {
			isa = XCBuildConfiguration;
			buildSettings = {
				BUNDLE_LOADER = "$(BUILT_PRODUCTS_DIR)/BMICalculator.app/BMICalculator";
				FRAMEWORK_SEARCH_PATHS = (
					"$(SDKROOT)/Developer/Library/Frameworks",
					"$(inherited)",
					"$(DEVELOPER_FRAMEWORKS_DIR)",
				);
				GCC_PRECOMPILE_PREFIX_HEADER = YES;
				GCC_PREFIX_HEADER = "BMICalculator/BMICalculator-Prefix.pch";
				GCC_PREPROCESSOR_DEFINITIONS = (
					"DEBUG=1",
					"$(inherited)",
				);
				INFOPLIST_FILE = "BMICalculatorTests/BMICalculatorTests-Info.plist";
				PRODUCT_NAME = "$(TARGET_NAME)";
				TEST_HOST = "$(BUNDLE_LOADER)";
				WRAPPER_EXTENSION = xctest;
			};
			name = Debug;
		};
		9B831C9E1925B4D2008E2A41 /* Release */ = {
			isa = XCBuildConfiguration;
			buildSettings = {
				BUNDLE_LOADER = "$(BUILT_PRODUCTS_DIR)/BMICalculator.app/BMICalculator";
				FRAMEWORK_SEARCH_PATHS = (
					"$(SDKROOT)/Developer/Library/Frameworks",
					"$(inherited)",
					"$(DEVELOPER_FRAMEWORKS_DIR)",
				);
				GCC_PRECOMPILE_PREFIX_HEADER = YES;
				GCC_PREFIX_HEADER = "BMICalculator/BMICalculator-Prefix.pch";
				INFOPLIST_FILE = "BMICalculatorTests/BMICalculatorTests-Info.plist";
				PRODUCT_NAME = "$(TARGET_NAME)";
				TEST_HOST = "$(BUNDLE_LOADER)";
				WRAPPER_EXTENSION = xctest;
			};
			name = Release;
		};
/* End XCBuildConfiguration section */

/* Begin XCConfigurationList section */
		9B831C621925B4D2008E2A41 /* Build configuration list for PBXProject "BMICalculator" */ = {
			isa = XCConfigurationList;
			buildConfigurations = (
				9B831C971925B4D2008E2A41 /* Debug */,
				9B831C981925B4D2008E2A41 /* Release */,
			);
			defaultConfigurationIsVisible = 0;
			defaultConfigurationName = Release;
		};
		9B831C991925B4D2008E2A41 /* Build configuration list for PBXNativeTarget "BMICalculator" */ = {
			isa = XCConfigurationList;
			buildConfigurations = (
				9B831C9A1925B4D2008E2A41 /* Debug */,
				9B831C9B1925B4D2008E2A41 /* Release */,
			);
			defaultConfigurationIsVisible = 0;
		};
		9B831C9C1925B4D2008E2A41 /* Build configuration list for PBXNativeTarget "BMICalculatorTests" */ = {
			isa = XCConfigurationList;
			buildConfigurations = (
				9B831C9D1925B4D2008E2A41 /* Debug */,
				9B831C9E1925B4D2008E2A41 /* Release */,
			);
			defaultConfigurationIsVisible = 0;
		};
/* End XCConfigurationList section */
	};
	rootObject = 9B831C5F1925B4D2008E2A41 /* Project object */;
}
